
Microsoft Visual Studio Solution File, Format Version 12.00
# Visual Studio Version 16
VisualStudioVersion = 16.0.31005.135
MinimumVisualStudioVersion = 10.0.40219.1
Project("{9A19103F-16F7-4668-BE54-9A1E7A4F7556}") = "DataAccess", "DataAccess\DataAccess.csproj", "{F22227F0-6ED2-4198-893D-027D98542B5C}"
EndProject
Project("{9A19103F-16F7-4668-BE54-9A1E7A4F7556}") = "Business", "Business\Business.csproj", "{FB993654-B57A-490B-B5E4-0C459DC1AAF2}"
EndProject
Project("{9A19103F-16F7-4668-BE54-9A1E7A4F7556}") = "Entities", "Entities\Entities.csproj", "{815F1000-74F5-41C2-B17F-1500F760C2F2}"
EndProject
Project("{9A19103F-16F7-4668-BE54-9A1E7A4F7556}") = "ConsoleUI", "ConsoleUI\ConsoleUI.csproj", "{80A98262-1966-4419-AD30-E8D4C0D3E972}"
EndProject
Project("{9A19103F-16F7-4668-BE54-9A1E7A4F7556}") = "Core", "Core\Core.csproj", "{B7561A12-4E16-4343-B3CF-618E87710824}"
EndProject
Project("{FAE04EC0-301F-11D3-BF4B-00C04F79EFBC}") = "WebAPI", "WebAPI\WebAPI.csproj", "{99C6BF4F-E32A-4D20-9E3C-622789DF2A9F}"
	ProjectSection(ProjectDependencies) = postProject
		{815F1000-74F5-41C2-B17F-1500F760C2F2} = {815F1000-74F5-41C2-B17F-1500F760C2F2}
		{B7561A12-4E16-4343-B3CF-618E87710824} = {B7561A12-4E16-4343-B3CF-618E87710824}
		{FB993654-B57A-490B-B5E4-0C459DC1AAF2} = {FB993654-B57A-490B-B5E4-0C459DC1AAF2}
		{F22227F0-6ED2-4198-893D-027D98542B5C} = {F22227F0-6ED2-4198-893D-027D98542B5C}
	EndProjectSection
EndProject
Global
	GlobalSection(SolutionConfigurationPlatforms) = preSolution
		Debug|Any CPU = Debug|Any CPU
		Release|Any CPU = Release|Any CPU
	EndGlobalSection
	GlobalSection(ProjectConfigurationPlatforms) = postSolution
		{F22227F0-6ED2-4198-893D-027D98542B5C}.Debug|Any CPU.ActiveCfg = Debug|Any CPU
		{F22227F0-6ED2-4198-893D-027D98542B5C}.Debug|Any CPU.Build.0 = Debug|Any CPU
		{F22227F0-6ED2-4198-893D-027D98542B5C}.Release|Any CPU.ActiveCfg = Release|Any CPU
		{F22227F0-6ED2-4198-893D-027D98542B5C}.Release|Any CPU.Build.0 = Release|Any CPU
		{FB993654-B57A-490B-B5E4-0C459DC1AAF2}.Debug|Any CPU.ActiveCfg = Debug|Any CPU
		{FB993654-B57A-490B-B5E4-0C459DC1AAF2}.Debug|Any CPU.Build.0 = Debug|Any CPU
		{FB993654-B57A-490B-B5E4-0C459DC1AAF2}.Release|Any CPU.ActiveCfg = Release|Any CPU
		{FB993654-B57A-490B-B5E4-0C459DC1AAF2}.Release|Any CPU.Build.0 = Release|Any CPU
		{815F1000-74F5-41C2-B17F-1500F760C2F2}.Debug|Any CPU.ActiveCfg = Debug|Any CPU
		{815F1000-74F5-41C2-B17F-1500F760C2F2}.Debug|Any CPU.Build.0 = Debug|Any CPU
		{815F1000-74F5-41C2-B17F-1500F760C2F2}.Release|Any CPU.ActiveCfg = Release|Any CPU
		{815F1000-74F5-41C2-B17F-1500F760C2F2}.Release|Any CPU.Build.0 = Release|Any CPU
		{80A98262-1966-4419-AD30-E8D4C0D3E972}.Debug|Any CPU.ActiveCfg = Debug|Any CPU
		{80A98262-1966-4419-AD30-E8D4C0D3E972}.Debug|Any CPU.Build.0 = Debug|Any CPU
		{80A98262-1966-4419-AD30-E8D4C0D3E972}.Release|Any CPU.ActiveCfg = Release|Any CPU
		{80A98262-1966-4419-AD30-E8D4C0D3E972}.Release|Any CPU.Build.0 = Release|Any CPU
		{B7561A12-4E16-4343-B3CF-618E87710824}.Debug|Any CPU.ActiveCfg = Debug|Any CPU
		{B7561A12-4E16-4343-B3CF-618E87710824}.Debug|Any CPU.Build.0 = Debug|Any CPU
		{B7561A12-4E16-4343-B3CF-618E87710824}.Release|Any CPU.ActiveCfg = Release|Any CPU
		{B7561A12-4E16-4343-B3CF-618E87710824}.Release|Any CPU.Build.0 = Release|Any CPU
		{99C6BF4F-E32A-4D20-9E3C-622789DF2A9F}.Debug|Any CPU.ActiveCfg = Debug|Any CPU
		{99C6BF4F-E32A-4D20-9E3C-622789DF2A9F}.Debug|Any CPU.Build.0 = Debug|Any CPU
		{99C6BF4F-E32A-4D20-9E3C-622789DF2A9F}.Release|Any CPU.ActiveCfg = Release|Any CPU
		{99C6BF4F-E32A-4D20-9E3C-622789DF2A9F}.Release|Any CPU.Build.0 = Release|Any CPU
	EndGlobalSection
	GlobalSection(SolutionProperties) = preSolution
		HideSolutionNode = FALSE
	EndGlobalSection
	GlobalSection(ExtensibilityGlobals) = postSolution
		SolutionGuid = {1793236B-8721-4E16-A700-FA5D7E254FD0}
	EndGlobalSection
EndGlobal
